{
  "name": "JosephLodato.github.io",
  "lockfileVersion": 3,
  "requires": true,
  "packages": {
    "": {
      "dependencies": {
        "@uiw/icons": "^2.6.10"
      }
    },
    "node_modules/@uiw/icons": {
      "version": "2.6.10",
      "resolved": "https://registry.npmjs.org/@uiw/icons/-/icons-2.6.10.tgz",
      "integrity": "sha512-+tDpgrbJWjy5dnR3CTqItnc7yQuB2spDU8OmQCUUTaMEJ/v9nTZfZ8rDro4P//SN+QYPQQ0lmJbTj8/KOWeV5Q==",
      "license": "MIT"
    }
  }
}
